
Microsoft Visual Studio Solution File, Format Version 12.00
Project("{2150E333-8FDC-42A3-9474-1A3956D46DE8}") = "src", "src", "{E9856D71-6E0C-4710-BA66-1C298A975E07}"
EndProject
Project("{2150E333-8FDC-42A3-9474-1A3956D46DE8}") = "Shared", "Shared", "{140CD9F6-E1F8-4E1E-B823-3E8F7745AA71}"
	ProjectSection(SolutionItems) = preProject
		src\Shared\EStore.Migrations\EStore.Migrations.csproj = src\Shared\EStore.Migrations\EStore.Migrations.csproj
	EndProjectSection
EndProject
Project("{FAE04EC0-301F-11D3-BF4B-00C04F79EFBC}") = "EStore.Contracts", "src\Shared\EStore.Contracts\EStore.Contracts.csproj", "{92443E6C-E3AA-4719-A0C6-CF4E95246BA9}"
EndProject
Project("{FAE04EC0-301F-11D3-BF4B-00C04F79EFBC}") = "EStore.Infrastructure", "src\Shared\EStore.Infrastructure\EStore.Infrastructure.csproj", "{101A333B-D090-43EF-813B-CD5EEEE92261}"
EndProject
Project("{2150E333-8FDC-42A3-9474-1A3956D46DE8}") = "Wolverine", "Wolverine", "{5FCA32F9-2C51-4017-92EE-0001800D2B35}"
EndProject
Project("{2150E333-8FDC-42A3-9474-1A3956D46DE8}") = "MassTransit", "MassTransit", "{3BC6E544-F2D6-4931-AB2D-435FA787081C}"
EndProject
Project("{2150E333-8FDC-42A3-9474-1A3956D46DE8}") = "Outbox", "Outbox", "{D3DBC36B-B45D-4203-8326-C35E3EBE0F0A}"
EndProject
Project("{FAE04EC0-301F-11D3-BF4B-00C04F79EFBC}") = "EStore.Outbox", "src\Outbox\EStore.Outbox\EStore.Outbox.csproj", "{8222D028-E3EC-4B4A-9D97-7A06F2E12DD8}"
EndProject
Project("{FAE04EC0-301F-11D3-BF4B-00C04F79EFBC}") = "EStore.Outbox.Api", "src\Outbox\EStore.Outbox.Api\EStore.Outbox.Api.csproj", "{FDF86203-7BC5-4FD0-AA44-4868C0C530EC}"
EndProject
Project("{FAE04EC0-301F-11D3-BF4B-00C04F79EFBC}") = "EStore.MassTransit.Api", "src\MassTransit\EStore.MassTransit.Api\EStore.MassTransit.Api.csproj", "{229FCE83-ECED-4D54-B7D9-0BDC58D0B352}"
EndProject
Project("{FAE04EC0-301F-11D3-BF4B-00C04F79EFBC}") = "EStore.Wolverine.Api", "src\Wolverine\EStore.Wolverine.Api\EStore.Wolverine.Api.csproj", "{93458AE3-F338-467F-9833-9522053D7871}"
EndProject
Project("{FAE04EC0-301F-11D3-BF4B-00C04F79EFBC}") = "EStore.Domain", "src\Shared\EStore.Domain\EStore.Domain.csproj", "{20CE3F9C-B123-4208-B600-0E6EFF8BF16C}"
EndProject
Global
	GlobalSection(SolutionConfigurationPlatforms) = preSolution
		Debug|Any CPU = Debug|Any CPU
		Release|Any CPU = Release|Any CPU
	EndGlobalSection
	GlobalSection(ProjectConfigurationPlatforms) = postSolution
		{F478BDE3-BA0C-408F-BFE3-4E676D1AE99D}.Debug|Any CPU.ActiveCfg = Debug|Any CPU
		{F478BDE3-BA0C-408F-BFE3-4E676D1AE99D}.Debug|Any CPU.Build.0 = Debug|Any CPU
		{F478BDE3-BA0C-408F-BFE3-4E676D1AE99D}.Release|Any CPU.ActiveCfg = Release|Any CPU
		{F478BDE3-BA0C-408F-BFE3-4E676D1AE99D}.Release|Any CPU.Build.0 = Release|Any CPU
		{55D5D404-E9D1-4DA7-BC5F-4FEB6BD4FA3A}.Debug|Any CPU.ActiveCfg = Debug|Any CPU
		{55D5D404-E9D1-4DA7-BC5F-4FEB6BD4FA3A}.Debug|Any CPU.Build.0 = Debug|Any CPU
		{55D5D404-E9D1-4DA7-BC5F-4FEB6BD4FA3A}.Release|Any CPU.ActiveCfg = Release|Any CPU
		{55D5D404-E9D1-4DA7-BC5F-4FEB6BD4FA3A}.Release|Any CPU.Build.0 = Release|Any CPU
		{71EB4C48-68DB-40AC-ACAE-E3385AA00D11}.Debug|Any CPU.ActiveCfg = Debug|Any CPU
		{71EB4C48-68DB-40AC-ACAE-E3385AA00D11}.Debug|Any CPU.Build.0 = Debug|Any CPU
		{71EB4C48-68DB-40AC-ACAE-E3385AA00D11}.Release|Any CPU.ActiveCfg = Release|Any CPU
		{71EB4C48-68DB-40AC-ACAE-E3385AA00D11}.Release|Any CPU.Build.0 = Release|Any CPU
		{B96A1D55-B097-451E-A932-25C5A62C1937}.Debug|Any CPU.ActiveCfg = Debug|Any CPU
		{B96A1D55-B097-451E-A932-25C5A62C1937}.Debug|Any CPU.Build.0 = Debug|Any CPU
		{B96A1D55-B097-451E-A932-25C5A62C1937}.Release|Any CPU.ActiveCfg = Release|Any CPU
		{B96A1D55-B097-451E-A932-25C5A62C1937}.Release|Any CPU.Build.0 = Release|Any CPU
		{E578C709-73FB-48A9-98D0-6E51A310305A}.Debug|Any CPU.ActiveCfg = Debug|Any CPU
		{E578C709-73FB-48A9-98D0-6E51A310305A}.Debug|Any CPU.Build.0 = Debug|Any CPU
		{E578C709-73FB-48A9-98D0-6E51A310305A}.Release|Any CPU.ActiveCfg = Release|Any CPU
		{E578C709-73FB-48A9-98D0-6E51A310305A}.Release|Any CPU.Build.0 = Release|Any CPU
		{1C64DE01-F044-4D02-9422-A6F03953F13B}.Debug|Any CPU.ActiveCfg = Debug|Any CPU
		{1C64DE01-F044-4D02-9422-A6F03953F13B}.Debug|Any CPU.Build.0 = Debug|Any CPU
		{1C64DE01-F044-4D02-9422-A6F03953F13B}.Release|Any CPU.ActiveCfg = Release|Any CPU
		{1C64DE01-F044-4D02-9422-A6F03953F13B}.Release|Any CPU.Build.0 = Release|Any CPU
		{92443E6C-E3AA-4719-A0C6-CF4E95246BA9}.Debug|Any CPU.ActiveCfg = Debug|Any CPU
		{92443E6C-E3AA-4719-A0C6-CF4E95246BA9}.Debug|Any CPU.Build.0 = Debug|Any CPU
		{92443E6C-E3AA-4719-A0C6-CF4E95246BA9}.Release|Any CPU.ActiveCfg = Release|Any CPU
		{92443E6C-E3AA-4719-A0C6-CF4E95246BA9}.Release|Any CPU.Build.0 = Release|Any CPU
		{101A333B-D090-43EF-813B-CD5EEEE92261}.Debug|Any CPU.ActiveCfg = Debug|Any CPU
		{101A333B-D090-43EF-813B-CD5EEEE92261}.Debug|Any CPU.Build.0 = Debug|Any CPU
		{101A333B-D090-43EF-813B-CD5EEEE92261}.Release|Any CPU.ActiveCfg = Release|Any CPU
		{101A333B-D090-43EF-813B-CD5EEEE92261}.Release|Any CPU.Build.0 = Release|Any CPU
		{8222D028-E3EC-4B4A-9D97-7A06F2E12DD8}.Debug|Any CPU.ActiveCfg = Debug|Any CPU
		{8222D028-E3EC-4B4A-9D97-7A06F2E12DD8}.Debug|Any CPU.Build.0 = Debug|Any CPU
		{8222D028-E3EC-4B4A-9D97-7A06F2E12DD8}.Release|Any CPU.ActiveCfg = Release|Any CPU
		{8222D028-E3EC-4B4A-9D97-7A06F2E12DD8}.Release|Any CPU.Build.0 = Release|Any CPU
		{FDF86203-7BC5-4FD0-AA44-4868C0C530EC}.Debug|Any CPU.ActiveCfg = Debug|Any CPU
		{FDF86203-7BC5-4FD0-AA44-4868C0C530EC}.Debug|Any CPU.Build.0 = Debug|Any CPU
		{FDF86203-7BC5-4FD0-AA44-4868C0C530EC}.Release|Any CPU.ActiveCfg = Release|Any CPU
		{FDF86203-7BC5-4FD0-AA44-4868C0C530EC}.Release|Any CPU.Build.0 = Release|Any CPU
		{229FCE83-ECED-4D54-B7D9-0BDC58D0B352}.Debug|Any CPU.ActiveCfg = Debug|Any CPU
		{229FCE83-ECED-4D54-B7D9-0BDC58D0B352}.Debug|Any CPU.Build.0 = Debug|Any CPU
		{229FCE83-ECED-4D54-B7D9-0BDC58D0B352}.Release|Any CPU.ActiveCfg = Release|Any CPU
		{229FCE83-ECED-4D54-B7D9-0BDC58D0B352}.Release|Any CPU.Build.0 = Release|Any CPU
		{93458AE3-F338-467F-9833-9522053D7871}.Debug|Any CPU.ActiveCfg = Debug|Any CPU
		{93458AE3-F338-467F-9833-9522053D7871}.Debug|Any CPU.Build.0 = Debug|Any CPU
		{93458AE3-F338-467F-9833-9522053D7871}.Release|Any CPU.ActiveCfg = Release|Any CPU
		{93458AE3-F338-467F-9833-9522053D7871}.Release|Any CPU.Build.0 = Release|Any CPU
		{20CE3F9C-B123-4208-B600-0E6EFF8BF16C}.Debug|Any CPU.ActiveCfg = Debug|Any CPU
		{20CE3F9C-B123-4208-B600-0E6EFF8BF16C}.Debug|Any CPU.Build.0 = Debug|Any CPU
		{20CE3F9C-B123-4208-B600-0E6EFF8BF16C}.Release|Any CPU.ActiveCfg = Release|Any CPU
		{20CE3F9C-B123-4208-B600-0E6EFF8BF16C}.Release|Any CPU.Build.0 = Release|Any CPU
	EndGlobalSection
	GlobalSection(NestedProjects) = preSolution
		{B3BDA960-F874-4B24-9392-7CC12189283E} = {DCA8E438-915C-4A14-8FD0-AD8009106BAD}
		{55D5D404-E9D1-4DA7-BC5F-4FEB6BD4FA3A} = {66381543-8097-471C-9199-3462C40FA414}
		{9B1F9111-C215-4082-9BD9-BF29AADE66E4} = {DCA8E438-915C-4A14-8FD0-AD8009106BAD}
		{1A27449A-3397-4205-87DD-75E2E14E033A} = {DCA8E438-915C-4A14-8FD0-AD8009106BAD}
		{1C64DE01-F044-4D02-9422-A6F03953F13B} = {66381543-8097-471C-9199-3462C40FA414}
		{99A1933A-975B-4596-B46C-5B4CB6C5A9CF} = {66381543-8097-471C-9199-3462C40FA414}
		{DA8DED89-29E3-4329-B2CA-F104B2B6D6D4} = {66381543-8097-471C-9199-3462C40FA414}
		{44A37FA3-C51A-4F42-B602-BAC95151374B} = {66381543-8097-471C-9199-3462C40FA414}
		{E578C709-73FB-48A9-98D0-6E51A310305A} = {99A1933A-975B-4596-B46C-5B4CB6C5A9CF}
		{71EB4C48-68DB-40AC-ACAE-E3385AA00D11} = {99A1933A-975B-4596-B46C-5B4CB6C5A9CF}
		{F478BDE3-BA0C-408F-BFE3-4E676D1AE99D} = {99A1933A-975B-4596-B46C-5B4CB6C5A9CF}
		{B96A1D55-B097-451E-A932-25C5A62C1937} = {99A1933A-975B-4596-B46C-5B4CB6C5A9CF}
		{140CD9F6-E1F8-4E1E-B823-3E8F7745AA71} = {E9856D71-6E0C-4710-BA66-1C298A975E07}
		{92443E6C-E3AA-4719-A0C6-CF4E95246BA9} = {140CD9F6-E1F8-4E1E-B823-3E8F7745AA71}
		{101A333B-D090-43EF-813B-CD5EEEE92261} = {140CD9F6-E1F8-4E1E-B823-3E8F7745AA71}
		{5FCA32F9-2C51-4017-92EE-0001800D2B35} = {E9856D71-6E0C-4710-BA66-1C298A975E07}
		{3BC6E544-F2D6-4931-AB2D-435FA787081C} = {E9856D71-6E0C-4710-BA66-1C298A975E07}
		{D3DBC36B-B45D-4203-8326-C35E3EBE0F0A} = {E9856D71-6E0C-4710-BA66-1C298A975E07}
		{8222D028-E3EC-4B4A-9D97-7A06F2E12DD8} = {D3DBC36B-B45D-4203-8326-C35E3EBE0F0A}
		{FDF86203-7BC5-4FD0-AA44-4868C0C530EC} = {D3DBC36B-B45D-4203-8326-C35E3EBE0F0A}
		{229FCE83-ECED-4D54-B7D9-0BDC58D0B352} = {3BC6E544-F2D6-4931-AB2D-435FA787081C}
		{93458AE3-F338-467F-9833-9522053D7871} = {5FCA32F9-2C51-4017-92EE-0001800D2B35}
		{20CE3F9C-B123-4208-B600-0E6EFF8BF16C} = {140CD9F6-E1F8-4E1E-B823-3E8F7745AA71}
	EndGlobalSection
EndGlobal
